// !$*UTF8*$!
{
	archiveVersion = 1;
	classes = {
	};
	objectVersion = 55;
	objects = {

/* Begin PBXBuildFile section */
		665584D1283394E90060CED6 /* isAlienSorted.c in Sources */ = {isa = PBXBuildFile; fileRef = 665584D0283394E90060CED6 /* isAlienSorted.c */; };
		668240C9283E217C001662AB /* findSubstringInWraproundString.c in Sources */ = {isa = PBXBuildFile; fileRef = 668240C8283E217C001662AB /* findSubstringInWraproundString.c */; };
		668F076F28334640007FD9D6 /* inorderSuccessor.c in Sources */ = {isa = PBXBuildFile; fileRef = 668F076E28334640007FD9D6 /* inorderSuccessor.c */; };
		66CB9FD6282C9B9A0094613A /* main.m in Sources */ = {isa = PBXBuildFile; fileRef = 66CB9FD5282C9B9A0094613A /* main.m */; };
		66CB9FDE282D09790094613A /* lengthOfLongestSubstring.c in Sources */ = {isa = PBXBuildFile; fileRef = 66CB9FDD282D09790094613A /* lengthOfLongestSubstring.c */; };
/* End PBXBuildFile section */

/* Begin PBXCopyFilesBuildPhase section */
		66CB9FD0282C9B9A0094613A /* CopyFiles */ = {
			isa = PBXCopyFilesBuildPhase;
			buildActionMask = 2147483647;
			dstPath = /usr/share/man/man1/;
			dstSubfolderSpec = 0;
			files = (
			);
			runOnlyForDeploymentPostprocessing = 1;
		};
/* End PBXCopyFilesBuildPhase section */

/* Begin PBXFileReference section */
		665584CF283394E90060CED6 /* isAlienSorted.h */ = {isa = PBXFileReference; lastKnownFileType = sourcecode.c.h; path = isAlienSorted.h; sourceTree = "<group>"; };
		665584D0283394E90060CED6 /* isAlienSorted.c */ = {isa = PBXFileReference; lastKnownFileType = sourcecode.c.c; path = isAlienSorted.c; sourceTree = "<group>"; };
		668240C7283E217C001662AB /* findSubstringInWraproundString.h */ = {isa = PBXFileReference; lastKnownFileType = sourcecode.c.h; path = findSubstringInWraproundString.h; sourceTree = "<group>"; };
		668240C8283E217C001662AB /* findSubstringInWraproundString.c */ = {isa = PBXFileReference; lastKnownFileType = sourcecode.c.c; path = findSubstringInWraproundString.c; sourceTree = "<group>"; };
		668F076D28334640007FD9D6 /* inorderSuccessor.h */ = {isa = PBXFileReference; lastKnownFileType = sourcecode.c.h; path = inorderSuccessor.h; sourceTree = "<group>"; };
		668F076E28334640007FD9D6 /* inorderSuccessor.c */ = {isa = PBXFileReference; lastKnownFileType = sourcecode.c.c; path = inorderSuccessor.c; sourceTree = "<group>"; };
		66CB9FD2282C9B9A0094613A /* LeetCode */ = {isa = PBXFileReference; explicitFileType = "compiled.mach-o.executable"; includeInIndex = 0; path = LeetCode; sourceTree = BUILT_PRODUCTS_DIR; };
		66CB9FD5282C9B9A0094613A /* main.m */ = {isa = PBXFileReference; lastKnownFileType = sourcecode.c.objc; path = main.m; sourceTree = "<group>"; };
		66CB9FDC282D09790094613A /* lengthOfLongestSubstring.h */ = {isa = PBXFileReference; lastKnownFileType = sourcecode.c.h; path = lengthOfLongestSubstring.h; sourceTree = "<group>"; };
		66CB9FDD282D09790094613A /* lengthOfLongestSubstring.c */ = {isa = PBXFileReference; lastKnownFileType = sourcecode.c.c; path = lengthOfLongestSubstring.c; sourceTree = "<group>"; };
/* End PBXFileReference section */

/* Begin PBXFrameworksBuildPhase section */
		66CB9FCF282C9B9A0094613A /* Frameworks */ = {
			isa = PBXFrameworksBuildPhase;
			buildActionMask = 2147483647;
			files = (
			);
			runOnlyForDeploymentPostprocessing = 0;
		};
/* End PBXFrameworksBuildPhase section */

/* Begin PBXGroup section */
		66CB9FC9282C9B9A0094613A = {
			isa = PBXGroup;
			children = (
				66CB9FD4282C9B9A0094613A /* LeetCode */,
				66CB9FD3282C9B9A0094613A /* Products */,
			);
			sourceTree = "<group>";
		};
		66CB9FD3282C9B9A0094613A /* Products */ = {
			isa = PBXGroup;
			children = (
				66CB9FD2282C9B9A0094613A /* LeetCode */,
			);
			name = Products;
			sourceTree = "<group>";
		};
		66CB9FD4282C9B9A0094613A /* LeetCode */ = {
			isa = PBXGroup;
			children = (
				66CB9FD5282C9B9A0094613A /* main.m */,
				66CB9FDC282D09790094613A /* lengthOfLongestSubstring.h */,
				66CB9FDD282D09790094613A /* lengthOfLongestSubstring.c */,
				668F076D28334640007FD9D6 /* inorderSuccessor.h */,
				668F076E28334640007FD9D6 /* inorderSuccessor.c */,
				665584CF283394E90060CED6 /* isAlienSorted.h */,
				665584D0283394E90060CED6 /* isAlienSorted.c */,
				668240C7283E217C001662AB /* findSubstringInWraproundString.h */,
				668240C8283E217C001662AB /* findSubstringInWraproundString.c */,
			);
			path = LeetCode;
			sourceTree = "<group>";
		};
/* End PBXGroup section */

/* Begin PBXNativeTarget section */
		66CB9FD1282C9B9A0094613A /* LeetCode */ = {
			isa = PBXNativeTarget;
			buildConfigurationList = 66CB9FD9282C9B9A0094613A /* Build configuration list for PBXNativeTarget "LeetCode" */;
			buildPhases = (
				66CB9FCE282C9B9A0094613A /* Sources */,
				66CB9FCF282C9B9A0094613A /* Frameworks */,
				66CB9FD0282C9B9A0094613A /* CopyFiles */,
			);
			buildRules = (
			);
			dependencies = (
			);
			name = LeetCode;
			productName = LeetCode;
			productReference = 66CB9FD2282C9B9A0094613A /* LeetCode */;
			productType = "com.apple.product-type.tool";
		};
/* End PBXNativeTarget section */

/* Begin PBXProject section */
		66CB9FCA282C9B9A0094613A /* Project object */ = {
			isa = PBXProject;
			attributes = {
				BuildIndependentTargetsInParallel = 1;
				LastUpgradeCheck = 1330;
				TargetAttributes = {
					66CB9FD1282C9B9A0094613A = {
						CreatedOnToolsVersion = 13.3.1;
					};
				};
			};
			buildConfigurationList = 66CB9FCD282C9B9A0094613A /* Build configuration list for PBXProject "LeetCode" */;
			compatibilityVersion = "Xcode 13.0";
			developmentRegion = en;
			hasScannedForEncodings = 0;
			knownRegions = (
				en,
				Base,
			);
			mainGroup = 66CB9FC9282C9B9A0094613A;
			productRefGroup = 66CB9FD3282C9B9A0094613A /* Products */;
			projectDirPath = "";
			projectRoot = "";
			targets = (
				66CB9FD1282C9B9A0094613A /* LeetCode */,
			);
		};
/* End PBXProject section */

/* Begin PBXSourcesBuildPhase section */
		66CB9FCE282C9B9A0094613A /* Sources */ = {
			isa = PBXSourcesBuildPhase;
			buildActionMask = 2147483647;
			files = (
				66CB9FD6282C9B9A0094613A /* main.m in Sources */,
				668F076F28334640007FD9D6 /* inorderSuccessor.c in Sources */,
				668240C9283E217C001662AB /* findSubstringInWraproundString.c in Sources */,
				665584D1283394E90060CED6 /* isAlienSorted.c in Sources */,
				66CB9FDE282D09790094613A /* lengthOfLongestSubstring.c in Sources */,
			);
			runOnlyForDeploymentPostprocessing = 0;
		};
/* End PBXSourcesBuildPhase section */

/* Begin XCBuildConfiguration section */
		66CB9FD7282C9B9A0094613A /* Debug */ = {
			isa = XCBuildConfiguration;
			buildSettings = {
				ALWAYS_SEARCH_USER_PATHS = NO;
				CLANG_ANALYZER_NONNULL = YES;
				CLANG_ANALYZER_NUMBER_OBJECT_CONVERSION = YES_AGGRESSIVE;
				CLANG_CXX_LANGUAGE_STANDARD = "gnu++17";
				CLANG_ENABLE_MODULES = YES;
				CLANG_ENABLE_OBJC_ARC = YES;
				CLANG_ENABLE_OBJC_WEAK = YES;
				CLANG_WARN_BLOCK_CAPTURE_AUTORELEASING = YES;
				CLANG_WARN_BOOL_CONVERSION = YES;
				CLANG_WARN_COMMA = YES;
				CLANG_WARN_CONSTANT_CONVERSION = YES;
				CLANG_WARN_DEPRECATED_OBJC_IMPLEMENTATIONS = YES;
				CLANG_WARN_DIRECT_OBJC_ISA_USAGE = YES_ERROR;
				CLANG_WARN_DOCUMENTATION_COMMENTS = YES;
				CLANG_WARN_EMPTY_BODY = YES;
				CLANG_WARN_ENUM_CONVERSION = YES;
				CLANG_WARN_INFINITE_RECURSION = YES;
				CLANG_WARN_INT_CONVERSION = YES;
				CLANG_WARN_NON_LITERAL_NULL_CONVERSION = YES;
				CLANG_WARN_OBJC_IMPLICIT_RETAIN_SELF = YES;
				CLANG_WARN_OBJC_LITERAL_CONVERSION = YES;
				CLANG_WARN_OBJC_ROOT_CLASS = YES_ERROR;
				CLANG_WARN_QUOTED_INCLUDE_IN_FRAMEWORK_HEADER = YES;
				CLANG_WARN_RANGE_LOOP_ANALYSIS = YES;
				CLANG_WARN_STRICT_PROTOTYPES = YES;
				CLANG_WARN_SUSPICIOUS_MOVE = YES;
				CLANG_WARN_UNGUARDED_AVAILABILITY = YES_AGGRESSIVE;
				CLANG_WARN_UNREACHABLE_CODE = YES;
				CLANG_WARN__DUPLICATE_METHOD_MATCH = YES;
				COPY_PHASE_STRIP = NO;
				DEBUG_INFORMATION_FORMAT = dwarf;
				ENABLE_STRICT_OBJC_MSGSEND = YES;
				ENABLE_TESTABILITY = YES;
				GCC_C_LANGUAGE_STANDARD = gnu11;
				GCC_DYNAMIC_NO_PIC = NO;
				GCC_NO_COMMON_BLOCKS = YES;
				GCC_OPTIMIZATION_LEVEL = 0;
				GCC_PREPROCESSOR_DEFINITIONS = (
					"DEBUG=1",
					"$(inherited)",
				);
				GCC_WARN_64_TO_32_BIT_CONVERSION = YES;
				GCC_WARN_ABOUT_RETURN_TYPE = YES_ERROR;
				GCC_WARN_UNDECLARED_SELECTOR = YES;
				GCC_WARN_UNINITIALIZED_AUTOS = YES_AGGRESSIVE;
				GCC_WARN_UNUSED_FUNCTION = YES;
				GCC_WARN_UNUSED_VARIABLE = YES;
				MACOSX_DEPLOYMENT_TARGET = 12.3;
				MTL_ENABLE_DEBUG_INFO = INCLUDE_SOURCE;
				MTL_FAST_MATH = YES;
				ONLY_ACTIVE_ARCH = YES;
				SDKROOT = macosx;
			};
			name = Debug;
		};
		66CB9FD8282C9B9A0094613A /* Release */ = {
			isa = XCBuildConfiguration;
			buildSettings = {
				ALWAYS_SEARCH_USER_PATHS = NO;
				CLANG_ANALYZER_NONNULL = YES;
				CLANG_ANALYZER_NUMBER_OBJECT_CONVERSION = YES_AGGRESSIVE;
				CLANG_CXX_LANGUAGE_STANDARD = "gnu++17";
				CLANG_ENABLE_MODULES = YES;
				CLANG_ENABLE_OBJC_ARC = YES;
				CLANG_ENABLE_OBJC_WEAK = YES;
				CLANG_WARN_BLOCK_CAPTURE_AUTORELEASING = YES;
				CLANG_WARN_BOOL_CONVERSION = YES;
				CLANG_WARN_COMMA = YES;
				CLANG_WARN_CONSTANT_CONVERSION = YES;
				CLANG_WARN_DEPRECATED_OBJC_IMPLEMENTATIONS = YES;
				CLANG_WARN_DIRECT_OBJC_ISA_USAGE = YES_ERROR;
				CLANG_WARN_DOCUMENTATION_COMMENTS = YES;
				CLANG_WARN_EMPTY_BODY = YES;
				CLANG_WARN_ENUM_CONVERSION = YES;
				CLANG_WARN_INFINITE_RECURSION = YES;
				CLANG_WARN_INT_CONVERSION = YES;
				CLANG_WARN_NON_LITERAL_NULL_CONVERSION = YES;
				CLANG_WARN_OBJC_IMPLICIT_RETAIN_SELF = YES;
				CLANG_WARN_OBJC_LITERAL_CONVERSION = YES;
				CLANG_WARN_OBJC_ROOT_CLASS = YES_ERROR;
				CLANG_WARN_QUOTED_INCLUDE_IN_FRAMEWORK_HEADER = YES;
				CLANG_WARN_RANGE_LOOP_ANALYSIS = YES;
				CLANG_WARN_STRICT_PROTOTYPES = YES;
				CLANG_WARN_SUSPICIOUS_MOVE = YES;
				CLANG_WARN_UNGUARDED_AVAILABILITY = YES_AGGRESSIVE;
				CLANG_WARN_UNREACHABLE_CODE = YES;
				CLANG_WARN__DUPLICATE_METHOD_MATCH = YES;
				COPY_PHASE_STRIP = NO;
				DEBUG_INFORMATION_FORMAT = "dwarf-with-dsym";
				ENABLE_NS_ASSERTIONS = NO;
				ENABLE_STRICT_OBJC_MSGSEND = YES;
				GCC_C_LANGUAGE_STANDARD = gnu11;
				GCC_NO_COMMON_BLOCKS = YES;
				GCC_WARN_64_TO_32_BIT_CONVERSION = YES;
				GCC_WARN_ABOUT_RETURN_TYPE = YES_ERROR;
				GCC_WARN_UNDECLARED_SELECTOR = YES;
				GCC_WARN_UNINITIALIZED_AUTOS = YES_AGGRESSIVE;
				GCC_WARN_UNUSED_FUNCTION = YES;
				GCC_WARN_UNUSED_VARIABLE = YES;
				MACOSX_DEPLOYMENT_TARGET = 12.3;
				MTL_ENABLE_DEBUG_INFO = NO;
				MTL_FAST_MATH = YES;
				SDKROOT = macosx;
			};
			name = Release;
		};
		66CB9FDA282C9B9A0094613A /* Debug */ = {
			isa = XCBuildConfiguration;
			buildSettings = {
				CLANG_CXX_LANGUAGE_STANDARD = "gnu++17";
				CODE_SIGN_STYLE = Automatic;
				GCC_C_LANGUAGE_STANDARD = gnu11;
				PRODUCT_NAME = "$(TARGET_NAME)";
			};
			name = Debug;
		};
		66CB9FDB282C9B9A0094613A /* Release */ = {
			isa = XCBuildConfiguration;
			buildSettings = {
				CLANG_CXX_LANGUAGE_STANDARD = "gnu++17";
				CODE_SIGN_STYLE = Automatic;
				GCC_C_LANGUAGE_STANDARD = gnu11;
				PRODUCT_NAME = "$(TARGET_NAME)";
			};
			name = Release;
		};
/* End XCBuildConfiguration section */

/* Begin XCConfigurationList section */
		66CB9FCD282C9B9A0094613A /* Build configuration list for PBXProject "LeetCode" */ = {
			isa = XCConfigurationList;
			buildConfigurations = (
				66CB9FD7282C9B9A0094613A /* Debug */,
				66CB9FD8282C9B9A0094613A /* Release */,
			);
			defaultConfigurationIsVisible = 0;
			defaultConfigurationName = Release;
		};
		66CB9FD9282C9B9A0094613A /* Build configuration list for PBXNativeTarget "LeetCode" */ = {
			isa = XCConfigurationList;
			buildConfigurations = (
				66CB9FDA282C9B9A0094613A /* Debug */,
				66CB9FDB282C9B9A0094613A /* Release */,
			);
			defaultConfigurationIsVisible = 0;
			defaultConfigurationName = Release;
		};
/* End XCConfigurationList section */
	};
	rootObject = 66CB9FCA282C9B9A0094613A /* Project object */;
}
